// !$*UTF8*$!
{
	archiveVersion = 1;
	classes = {
	};
	objectVersion = 46;
	objects = {

/* Begin PBXBuildFile section */
		2C52157B19659A2800281A0A /* AppDelegate.swift in Sources */ = {isa = PBXBuildFile; fileRef = 2C52157A19659A2800281A0A /* AppDelegate.swift */; };
		2C52157D19659A2800281A0A /* ViewController.swift in Sources */ = {isa = PBXBuildFile; fileRef = 2C52157C19659A2800281A0A /* ViewController.swift */; };
		2C52158019659A2800281A0A /* Main.storyboard in Resources */ = {isa = PBXBuildFile; fileRef = 2C52157E19659A2800281A0A /* Main.storyboard */; };
		2C52158219659A2800281A0A /* Images.xcassets in Resources */ = {isa = PBXBuildFile; fileRef = 2C52158119659A2800281A0A /* Images.xcassets */; };
		2C52158E19659A2800281A0A /* myFirstAppTests.swift in Sources */ = {isa = PBXBuildFile; fileRef = 2C52158D19659A2800281A0A /* myFirstAppTests.swift */; };
/* End PBXBuildFile section */

/* Begin PBXContainerItemProxy section */
		2C52158819659A2800281A0A /* PBXContainerItemProxy */ = {
			isa = PBXContainerItemProxy;
			containerPortal = 2C52156D19659A2800281A0A /* Project object */;
			proxyType = 1;
			remoteGlobalIDString = 2C52157419659A2800281A0A;
			remoteInfo = myFirstApp;
		};
/* End PBXContainerItemProxy section */

/* Begin PBXFileReference section */
		2C52157519659A2800281A0A /* myFirstApp.app */ = {isa = PBXFileReference; explicitFileType = wrapper.application; includeInIndex = 0; path = myFirstApp.app; sourceTree = BUILT_PRODUCTS_DIR; };
		2C52157919659A2800281A0A /* Info.plist */ = {isa = PBXFileReference; lastKnownFileType = text.plist.xml; path = Info.plist; sourceTree = "<group>"; };
		2C52157A19659A2800281A0A /* AppDelegate.swift */ = {isa = PBXFileReference; lastKnownFileType = sourcecode.swift; path = AppDelegate.swift; sourceTree = "<group>"; };
		2C52157C19659A2800281A0A /* ViewController.swift */ = {isa = PBXFileReference; lastKnownFileType = sourcecode.swift; path = ViewController.swift; sourceTree = "<group>"; };
		2C52157F19659A2800281A0A /* Base */ = {isa = PBXFileReference; lastKnownFileType = file.storyboard; name = Base; path = Base.lproj/Main.storyboard; sourceTree = "<group>"; };
		2C52158119659A2800281A0A /* Images.xcassets */ = {isa = PBXFileReference; lastKnownFileType = folder.assetcatalog; path = Images.xcassets; sourceTree = "<group>"; };
		2C52158719659A2800281A0A /* myFirstAppTests.xctest */ = {isa = PBXFileReference; explicitFileType = wrapper.cfbundle; includeInIndex = 0; path = myFirstAppTests.xctest; sourceTree = BUILT_PRODUCTS_DIR; };
		2C52158C19659A2800281A0A /* Info.plist */ = {isa = PBXFileReference; lastKnownFileType = text.plist.xml; path = Info.plist; sourceTree = "<group>"; };
		2C52158D19659A2800281A0A /* myFirstAppTests.swift */ = {isa = PBXFileReference; lastKnownFileType = sourcecode.swift; path = myFirstAppTests.swift; sourceTree = "<group>"; };
/* End PBXFileReference section */

/* Begin PBXFrameworksBuildPhase section */
		2C52157219659A2800281A0A /* Frameworks */ = {
			isa = PBXFrameworksBuildPhase;
			buildActionMask = 2147483647;
			files = (
			);
			runOnlyForDeploymentPostprocessing = 0;
		};
		2C52158419659A2800281A0A /* Frameworks */ = {
			isa = PBXFrameworksBuildPhase;
			buildActionMask = 2147483647;
			files = (
			);
			runOnlyForDeploymentPostprocessing = 0;
		};
/* End PBXFrameworksBuildPhase section */

/* Begin PBXGroup section */
		2C52156C19659A2800281A0A = {
			isa = PBXGroup;
			children = (
				2C52157719659A2800281A0A /* myFirstApp */,
				2C52158A19659A2800281A0A /* myFirstAppTests */,
				2C52157619659A2800281A0A /* Products */,
			);
			sourceTree = "<group>";
		};
		2C52157619659A2800281A0A /* Products */ = {
			isa = PBXGroup;
			children = (
				2C52157519659A2800281A0A /* myFirstApp.app */,
				2C52158719659A2800281A0A /* myFirstAppTests.xctest */,
			);
			name = Products;
			sourceTree = "<group>";
		};
		2C52157719659A2800281A0A /* myFirstApp */ = {
			isa = PBXGroup;
			children = (
				2C52157A19659A2800281A0A /* AppDelegate.swift */,
				2C52157C19659A2800281A0A /* ViewController.swift */,
				2C52157E19659A2800281A0A /* Main.storyboard */,
				2C52158119659A2800281A0A /* Images.xcassets */,
				2C52157819659A2800281A0A /* Supporting Files */,
			);
			path = myFirstApp;
			sourceTree = "<group>";
		};
		2C52157819659A2800281A0A /* Supporting Files */ = {
			isa = PBXGroup;
			children = (
				2C52157919659A2800281A0A /* Info.plist */,
			);
			name = "Supporting Files";
			sourceTree = "<group>";
		};
		2C52158A19659A2800281A0A /* myFirstAppTests */ = {
			isa = PBXGroup;
			children = (
				2C52158D19659A2800281A0A /* myFirstAppTests.swift */,
				2C52158B19659A2800281A0A /* Supporting Files */,
			);
			path = myFirstAppTests;
			sourceTree = "<group>";
		};
		2C52158B19659A2800281A0A /* Supporting Files */ = {
			isa = PBXGroup;
			children = (
				2C52158C19659A2800281A0A /* Info.plist */,
			);
			name = "Supporting Files";
			sourceTree = "<group>";
		};
/* End PBXGroup section */

/* Begin PBXNativeTarget section */
		2C52157419659A2800281A0A /* myFirstApp */ = {
			isa = PBXNativeTarget;
			buildConfigurationList = 2C52159119659A2800281A0A /* Build configuration list for PBXNativeTarget "myFirstApp" */;
			buildPhases = (
				2C52157119659A2800281A0A /* Sources */,
				2C52157219659A2800281A0A /* Frameworks */,
				2C52157319659A2800281A0A /* Resources */,
			);
			buildRules = (
			);
			dependencies = (
			);
			name = myFirstApp;
			productName = myFirstApp;
			productReference = 2C52157519659A2800281A0A /* myFirstApp.app */;
			productType = "com.apple.product-type.application";
		};
		2C52158619659A2800281A0A /* myFirstAppTests */ = {
			isa = PBXNativeTarget;
			buildConfigurationList = 2C52159419659A2800281A0A /* Build configuration list for PBXNativeTarget "myFirstAppTests" */;
			buildPhases = (
				2C52158319659A2800281A0A /* Sources */,
				2C52158419659A2800281A0A /* Frameworks */,
				2C52158519659A2800281A0A /* Resources */,
			);
			buildRules = (
			);
			dependencies = (
				2C52158919659A2800281A0A /* PBXTargetDependency */,
			);
			name = myFirstAppTests;
			productName = myFirstAppTests;
			productReference = 2C52158719659A2800281A0A /* myFirstAppTests.xctest */;
			productType = "com.apple.product-type.bundle.unit-test";
		};
/* End PBXNativeTarget section */

/* Begin PBXProject section */
		2C52156D19659A2800281A0A /* Project object */ = {
			isa = PBXProject;
			attributes = {
				LastUpgradeCheck = 0600;
				ORGANIZATIONNAME = "David Janssen";
				TargetAttributes = {
					2C52157419659A2800281A0A = {
						CreatedOnToolsVersion = 6.0;
					};
					2C52158619659A2800281A0A = {
						CreatedOnToolsVersion = 6.0;
						TestTargetID = 2C52157419659A2800281A0A;
					};
				};
			};
			buildConfigurationList = 2C52157019659A2800281A0A /* Build configuration list for PBXProject "myFirstApp" */;
			compatibilityVersion = "Xcode 3.2";
			developmentRegion = English;
			hasScannedForEncodings = 0;
			knownRegions = (
				en,
				Base,
			);
			mainGroup = 2C52156C19659A2800281A0A;
			productRefGroup = 2C52157619659A2800281A0A /* Products */;
			projectDirPath = "";
			projectRoot = "";
			targets = (
				2C52157419659A2800281A0A /* myFirstApp */,
				2C52158619659A2800281A0A /* myFirstAppTests */,
			);
		};
/* End PBXProject section */

/* Begin PBXResourcesBuildPhase section */
		2C52157319659A2800281A0A /* Resources */ = {
			isa = PBXResourcesBuildPhase;
			buildActionMask = 2147483647;
			files = (
				2C52158019659A2800281A0A /* Main.storyboard in Resources */,
				2C52158219659A2800281A0A /* Images.xcassets in Resources */,
			);
			runOnlyForDeploymentPostprocessing = 0;
		};
		2C52158519659A2800281A0A /* Resources */ = {
			isa = PBXResourcesBuildPhase;
			buildActionMask = 2147483647;
			files = (
			);
			runOnlyForDeploymentPostprocessing = 0;
		};
/* End PBXResourcesBuildPhase section */

/* Begin PBXSourcesBuildPhase section */
		2C52157119659A2800281A0A /* Sources */ = {
			isa = PBXSourcesBuildPhase;
			buildActionMask = 2147483647;
			files = (
				2C52157D19659A2800281A0A /* ViewController.swift in Sources */,
				2C52157B19659A2800281A0A /* AppDelegate.swift in Sources */,
			);
			runOnlyForDeploymentPostprocessing = 0;
		};
		2C52158319659A2800281A0A /* Sources */ = {
			isa = PBXSourcesBuildPhase;
			buildActionMask = 2147483647;
			files = (
				2C52158E19659A2800281A0A /* myFirstAppTests.swift in Sources */,
			);
			runOnlyForDeploymentPostprocessing = 0;
		};
/* End PBXSourcesBuildPhase section */

/* Begin PBXTargetDependency section */
		2C52158919659A2800281A0A /* PBXTargetDependency */ = {
			isa = PBXTargetDependency;
			target = 2C52157419659A2800281A0A /* myFirstApp */;
			targetProxy = 2C52158819659A2800281A0A /* PBXContainerItemProxy */;
		};
/* End PBXTargetDependency section */

/* Begin PBXVariantGroup section */
		2C52157E19659A2800281A0A /* Main.storyboard */ = {
			isa = PBXVariantGroup;
			children = (
				2C52157F19659A2800281A0A /* Base */,
			);
			name = Main.storyboard;
			sourceTree = "<group>";
		};
/* End PBXVariantGroup section */

/* Begin XCBuildConfiguration section */
		2C52158F19659A2800281A0A /* Debug */ = {
			isa = XCBuildConfiguration;
			buildSettings = {
				ALWAYS_SEARCH_USER_PATHS = NO;
				CLANG_CXX_LANGUAGE_STANDARD = "gnu++0x";
				CLANG_CXX_LIBRARY = "libc++";
				CLANG_ENABLE_MODULES = YES;
				CLANG_ENABLE_OBJC_ARC = YES;
				CLANG_WARN_BOOL_CONVERSION = YES;
				CLANG_WARN_CONSTANT_CONVERSION = YES;
				CLANG_WARN_DIRECT_OBJC_ISA_USAGE = YES_ERROR;
				CLANG_WARN_EMPTY_BODY = YES;
				CLANG_WARN_ENUM_CONVERSION = YES;
				CLANG_WARN_INT_CONVERSION = YES;
				CLANG_WARN_OBJC_ROOT_CLASS = YES_ERROR;
				CLANG_WARN_UNREACHABLE_CODE = YES;
				CLANG_WARN__DUPLICATE_METHOD_MATCH = YES;
				"CODE_SIGN_IDENTITY[sdk=iphoneos*]" = "iPhone Developer";
				COPY_PHASE_STRIP = NO;
				ENABLE_STRICT_OBJC_MSGSEND = YES;
				GCC_C_LANGUAGE_STANDARD = gnu99;
				GCC_DYNAMIC_NO_PIC = NO;
				GCC_OPTIMIZATION_LEVEL = 0;
				GCC_PREPROCESSOR_DEFINITIONS = (
					"DEBUG=1",
					"$(inherited)",
				);
				GCC_SYMBOLS_PRIVATE_EXTERN = NO;
				GCC_WARN_64_TO_32_BIT_CONVERSION = YES;
				GCC_WARN_ABOUT_RETURN_TYPE = YES_ERROR;
				GCC_WARN_UNDECLARED_SELECTOR = YES;
				GCC_WARN_UNINITIALIZED_AUTOS = YES_AGGRESSIVE;
				GCC_WARN_UNUSED_FUNCTION = YES;
				GCC_WARN_UNUSED_VARIABLE = YES;
				IPHONEOS_DEPLOYMENT_TARGET = 8.0;
				METAL_ENABLE_DEBUG_INFO = YES;
				ONLY_ACTIVE_ARCH = YES;
				SDKROOT = iphoneos;
				SWIFT_OPTIMIZATION_LEVEL = "-Onone";
				TARGETED_DEVICE_FAMILY = "1,2";
			};
			name = Debug;
		};
		2C52159019659A2800281A0A /* Release */ = {
			isa = XCBuildConfiguration;
			buildSettings = {
				ALWAYS_SEARCH_USER_PATHS = NO;
				CLANG_CXX_LANGUAGE_STANDARD = "gnu++0x";
				CLANG_CXX_LIBRARY = "libc++";
				CLANG_ENABLE_MODULES = YES;
				CLANG_ENABLE_OBJC_ARC = YES;
				CLANG_WARN_BOOL_CONVERSION = YES;
				CLANG_WARN_CONSTANT_CONVERSION = YES;
				CLANG_WARN_DIRECT_OBJC_ISA_USAGE = YES_ERROR;
				CLANG_WARN_EMPTY_BODY = YES;
				CLANG_WARN_ENUM_CONVERSION = YES;
				CLANG_WARN_INT_CONVERSION = YES;
				CLANG_WARN_OBJC_ROOT_CLASS = YES_ERROR;
				CLANG_WARN_UNREACHABLE_CODE = YES;
				CLANG_WARN__DUPLICATE_METHOD_MATCH = YES;
				"CODE_SIGN_IDENTITY[sdk=iphoneos*]" = "iPhone Developer";
				COPY_PHASE_STRIP = YES;
				ENABLE_NS_ASSERTIONS = NO;
				ENABLE_STRICT_OBJC_MSGSEND = YES;
				GCC_C_LANGUAGE_STANDARD = gnu99;
				GCC_WARN_64_TO_32_BIT_CONVERSION = YES;
				GCC_WARN_ABOUT_RETURN_TYPE = YES_ERROR;
				GCC_WARN_UNDECLARED_SELECTOR = YES;
				GCC_WARN_UNINITIALIZED_AUTOS = YES_AGGRESSIVE;
				GCC_WARN_UNUSED_FUNCTION = YES;
				GCC_WARN_UNUSED_VARIABLE = YES;
				IPHONEOS_DEPLOYMENT_TARGET = 8.0;
				METAL_ENABLE_DEBUG_INFO = NO;
				SDKROOT = iphoneos;
				TARGETED_DEVICE_FAMILY = "1,2";
				VALIDATE_PRODUCT = YES;
			};
			name = Release;
		};
		2C52159219659A2800281A0A /* Debug */ = {
			isa = XCBuildConfiguration;
			buildSettings = {
				ASSETCATALOG_COMPILER_APPICON_NAME = AppIcon;
				ASSETCATALOG_COMPILER_LAUNCHIMAGE_NAME = LaunchImage;
				INFOPLIST_FILE = myFirstApp/Info.plist;
				LD_RUNPATH_SEARCH_PATHS = "$(inherited) @executable_path/Frameworks";
				PRODUCT_NAME = "$(TARGET_NAME)";
			};
			name = Debug;
		};
		2C52159319659A2800281A0A /* Release */ = {
			isa = XCBuildConfiguration;
			buildSettings = {
				ASSETCATALOG_COMPILER_APPICON_NAME = AppIcon;
				ASSETCATALOG_COMPILER_LAUNCHIMAGE_NAME = LaunchImage;
				INFOPLIST_FILE = myFirstApp/Info.plist;
				LD_RUNPATH_SEARCH_PATHS = "$(inherited) @executable_path/Frameworks";
				PRODUCT_NAME = "$(TARGET_NAME)";
			};
			name = Release;
		};
		2C52159519659A2800281A0A /* Debug */ = {
			isa = XCBuildConfiguration;
			buildSettings = {
				BUNDLE_LOADER = "$(BUILT_PRODUCTS_DIR)/myFirstApp.app/myFirstApp";
				FRAMEWORK_SEARCH_PATHS = (
					"$(SDKROOT)/Developer/Library/Frameworks",
					"$(inherited)",
				);
				GCC_PREPROCESSOR_DEFINITIONS = (
					"DEBUG=1",
					"$(inherited)",
				);
				INFOPLIST_FILE = myFirstAppTests/Info.plist;
				LD_RUNPATH_SEARCH_PATHS = "$(inherited) @executable_path/Frameworks @loader_path/Frameworks";
				METAL_ENABLE_DEBUG_INFO = YES;
				PRODUCT_NAME = "$(TARGET_NAME)";
				TEST_HOST = "$(BUNDLE_LOADER)";
			};
			name = Debug;
		};
		2C52159619659A2800281A0A /* Release */ = {
			isa = XCBuildConfiguration;
			buildSettings = {
				BUNDLE_LOADER = "$(BUILT_PRODUCTS_DIR)/myFirstApp.app/myFirstApp";
				FRAMEWORK_SEARCH_PATHS = (
					"$(SDKROOT)/Developer/Library/Frameworks",
					"$(inherited)",
				);
				INFOPLIST_FILE = myFirstAppTests/Info.plist;
				LD_RUNPATH_SEARCH_PATHS = "$(inherited) @executable_path/Frameworks @loader_path/Frameworks";
				METAL_ENABLE_DEBUG_INFO = NO;
				PRODUCT_NAME = "$(TARGET_NAME)";
				TEST_HOST = "$(BUNDLE_LOADER)";
			};
			name = Release;
		};
/* End XCBuildConfiguration section */

/* Begin XCConfigurationList section */
		2C52157019659A2800281A0A /* Build configuration list for PBXProject "myFirstApp" */ = {
			isa = XCConfigurationList;
			buildConfigurations = (
				2C52158F19659A2800281A0A /* Debug */,
				2C52159019659A2800281A0A /* Release */,
			);
			defaultConfigurationIsVisible = 0;
			defaultConfigurationName = Release;
		};
		2C52159119659A2800281A0A /* Build configuration list for PBXNativeTarget "myFirstApp" */ = {
			isa = XCConfigurationList;
			buildConfigurations = (
				2C52159219659A2800281A0A /* Debug */,
				2C52159319659A2800281A0A /* Release */,
			);
			defaultConfigurationIsVisible = 0;
		};
		2C52159419659A2800281A0A /* Build configuration list for PBXNativeTarget "myFirstAppTests" */ = {
			isa = XCConfigurationList;
			buildConfigurations = (
				2C52159519659A2800281A0A /* Debug */,
				2C52159619659A2800281A0A /* Release */,
			);
			defaultConfigurationIsVisible = 0;
		};
/* End XCConfigurationList section */
	};
	rootObject = 2C52156D19659A2800281A0A /* Project object */;
}
